
Microsoft Visual Studio Solution File, Format Version 12.00
# Visual Studio 15
VisualStudioVersion = 15.0.28307.1778
MinimumVisualStudioVersion = 10.0.40219.1
Project("{F184B08F-C81C-45F6-A57F-5ABD9991F28F}") = "Alumni_TS", "Alumni_TS\Alumni_TS.vbproj", "{84DF247B-227D-4A9E-92F1-B329549939FD}"
EndProject
Global
	GlobalSection(SolutionConfigurationPlatforms) = preSolution
		Debug|Any CPU = Debug|Any CPU
		Release|Any CPU = Release|Any CPU
	EndGlobalSection
	GlobalSection(ProjectConfigurationPlatforms) = postSolution
		{84DF247B-227D-4A9E-92F1-B329549939FD}.Debug|Any CPU.ActiveCfg = Debug|Any CPU
		{84DF247B-227D-4A9E-92F1-B329549939FD}.Debug|Any CPU.Build.0 = Debug|Any CPU
		{84DF247B-227D-4A9E-92F1-B329549939FD}.Release|Any CPU.ActiveCfg = Release|Any CPU
		{84DF247B-227D-4A9E-92F1-B329549939FD}.Release|Any CPU.Build.0 = Release|Any CPU
	EndGlobalSection
	GlobalSection(SolutionProperties) = preSolution
		HideSolutionNode = FALSE
	EndGlobalSection
	GlobalSection(ExtensibilityGlobals) = postSolution
		SolutionGuid = {655399E5-68AD-4FC4-926C-AE0BF970A4FA}
	EndGlobalSection
EndGlobal
